// !$*UTF8*$!
{
	archiveVersion = 1;
	classes = {
	};
	objectVersion = 51;
	objects = {

/* Begin PBXBuildFile section */
		19C18C5F244D93D6002160AF /* UsersUseCase.swift in Sources */ = {isa = PBXBuildFile; fileRef = 19C18C5E244D93D6002160AF /* UsersUseCase.swift */; };
		19C18C61244D943C002160AF /* ViewModel.swift in Sources */ = {isa = PBXBuildFile; fileRef = 19C18C60244D943C002160AF /* ViewModel.swift */; };
		19C231BC244D35FC00758996 /* AppDelegate.swift in Sources */ = {isa = PBXBuildFile; fileRef = 19C231BB244D35FC00758996 /* AppDelegate.swift */; };
		19C231BE244D35FC00758996 /* SceneDelegate.swift in Sources */ = {isa = PBXBuildFile; fileRef = 19C231BD244D35FC00758996 /* SceneDelegate.swift */; };
		19C231C0244D35FC00758996 /* ViewController.swift in Sources */ = {isa = PBXBuildFile; fileRef = 19C231BF244D35FC00758996 /* ViewController.swift */; };
		19C231C3244D35FC00758996 /* Main.storyboard in Resources */ = {isa = PBXBuildFile; fileRef = 19C231C1244D35FC00758996 /* Main.storyboard */; };
		19C231C5244D35FE00758996 /* Assets.xcassets in Resources */ = {isa = PBXBuildFile; fileRef = 19C231C4244D35FE00758996 /* Assets.xcassets */; };
		19C231C8244D35FE00758996 /* LaunchScreen.storyboard in Resources */ = {isa = PBXBuildFile; fileRef = 19C231C6244D35FE00758996 /* LaunchScreen.storyboard */; };
		19C231D6244D37B100758996 /* StudyMockoloTests.swift in Sources */ = {isa = PBXBuildFile; fileRef = 19C231D5244D37B100758996 /* StudyMockoloTests.swift */; };
		19C231E0244D394000758996 /* OutputMocks.swift in Sources */ = {isa = PBXBuildFile; fileRef = 19C231DF244D393F00758996 /* OutputMocks.swift */; };
		19C231E6244D3B9300758996 /* UserRepository.swift in Sources */ = {isa = PBXBuildFile; fileRef = 19C231E5244D3B9300758996 /* UserRepository.swift */; };
		19C231E8244D3BAE00758996 /* User.swift in Sources */ = {isa = PBXBuildFile; fileRef = 19C231E7244D3BAE00758996 /* User.swift */; };
		D9DF4E4FE30A1535073481AC /* Pods_StudyMockolo.framework in Frameworks */ = {isa = PBXBuildFile; fileRef = 4095F291D80CD197712EA5B4 /* Pods_StudyMockolo.framework */; };
		EBBEB435060417C693FFE069 /* Pods_StudyMockoloTests.framework in Frameworks */ = {isa = PBXBuildFile; fileRef = 0D0B61EE04AA716085247280 /* Pods_StudyMockoloTests.framework */; };
/* End PBXBuildFile section */

/* Begin PBXContainerItemProxy section */
		19C231D8244D37B100758996 /* PBXContainerItemProxy */ = {
			isa = PBXContainerItemProxy;
			containerPortal = 19C231B0244D35FC00758996 /* Project object */;
			proxyType = 1;
			remoteGlobalIDString = 19C231B7244D35FC00758996;
			remoteInfo = StudyMockolo;
		};
/* End PBXContainerItemProxy section */

/* Begin PBXFileReference section */
		0D0B61EE04AA716085247280 /* Pods_StudyMockoloTests.framework */ = {isa = PBXFileReference; explicitFileType = wrapper.framework; includeInIndex = 0; path = Pods_StudyMockoloTests.framework; sourceTree = BUILT_PRODUCTS_DIR; };
		19C18C5E244D93D6002160AF /* UsersUseCase.swift */ = {isa = PBXFileReference; lastKnownFileType = sourcecode.swift; path = UsersUseCase.swift; sourceTree = "<group>"; };
		19C18C60244D943C002160AF /* ViewModel.swift */ = {isa = PBXFileReference; lastKnownFileType = sourcecode.swift; path = ViewModel.swift; sourceTree = "<group>"; };
		19C231B8244D35FC00758996 /* StudyMockolo.app */ = {isa = PBXFileReference; explicitFileType = wrapper.application; includeInIndex = 0; path = StudyMockolo.app; sourceTree = BUILT_PRODUCTS_DIR; };
		19C231BB244D35FC00758996 /* AppDelegate.swift */ = {isa = PBXFileReference; lastKnownFileType = sourcecode.swift; path = AppDelegate.swift; sourceTree = "<group>"; };
		19C231BD244D35FC00758996 /* SceneDelegate.swift */ = {isa = PBXFileReference; lastKnownFileType = sourcecode.swift; path = SceneDelegate.swift; sourceTree = "<group>"; };
		19C231BF244D35FC00758996 /* ViewController.swift */ = {isa = PBXFileReference; lastKnownFileType = sourcecode.swift; path = ViewController.swift; sourceTree = "<group>"; };
		19C231C2244D35FC00758996 /* Base */ = {isa = PBXFileReference; lastKnownFileType = file.storyboard; name = Base; path = Base.lproj/Main.storyboard; sourceTree = "<group>"; };
		19C231C4244D35FE00758996 /* Assets.xcassets */ = {isa = PBXFileReference; lastKnownFileType = folder.assetcatalog; path = Assets.xcassets; sourceTree = "<group>"; };
		19C231C7244D35FE00758996 /* Base */ = {isa = PBXFileReference; lastKnownFileType = file.storyboard; name = Base; path = Base.lproj/LaunchScreen.storyboard; sourceTree = "<group>"; };
		19C231C9244D35FE00758996 /* Info.plist */ = {isa = PBXFileReference; lastKnownFileType = text.plist.xml; path = Info.plist; sourceTree = "<group>"; };
		19C231D3244D37B100758996 /* StudyMockoloTests.xctest */ = {isa = PBXFileReference; explicitFileType = wrapper.cfbundle; includeInIndex = 0; path = StudyMockoloTests.xctest; sourceTree = BUILT_PRODUCTS_DIR; };
		19C231D5244D37B100758996 /* StudyMockoloTests.swift */ = {isa = PBXFileReference; lastKnownFileType = sourcecode.swift; path = StudyMockoloTests.swift; sourceTree = "<group>"; };
		19C231D7244D37B100758996 /* Info.plist */ = {isa = PBXFileReference; lastKnownFileType = text.plist.xml; path = Info.plist; sourceTree = "<group>"; };
		19C231DF244D393F00758996 /* OutputMocks.swift */ = {isa = PBXFileReference; fileEncoding = 4; lastKnownFileType = sourcecode.swift; path = OutputMocks.swift; sourceTree = "<group>"; };
		19C231E5244D3B9300758996 /* UserRepository.swift */ = {isa = PBXFileReference; lastKnownFileType = sourcecode.swift; path = UserRepository.swift; sourceTree = "<group>"; };
		19C231E7244D3BAE00758996 /* User.swift */ = {isa = PBXFileReference; lastKnownFileType = sourcecode.swift; path = User.swift; sourceTree = "<group>"; };
		4095F291D80CD197712EA5B4 /* Pods_StudyMockolo.framework */ = {isa = PBXFileReference; explicitFileType = wrapper.framework; includeInIndex = 0; path = Pods_StudyMockolo.framework; sourceTree = BUILT_PRODUCTS_DIR; };
		66B254C7F64F48292E4B0DCB /* Pods-StudyMockolo.release.xcconfig */ = {isa = PBXFileReference; includeInIndex = 1; lastKnownFileType = text.xcconfig; name = "Pods-StudyMockolo.release.xcconfig"; path = "Target Support Files/Pods-StudyMockolo/Pods-StudyMockolo.release.xcconfig"; sourceTree = "<group>"; };
		66DF8BF3D737F2274AE81CB8 /* Pods-StudyMockoloTests.debug.xcconfig */ = {isa = PBXFileReference; includeInIndex = 1; lastKnownFileType = text.xcconfig; name = "Pods-StudyMockoloTests.debug.xcconfig"; path = "Target Support Files/Pods-StudyMockoloTests/Pods-StudyMockoloTests.debug.xcconfig"; sourceTree = "<group>"; };
		A92C6E120D212B0DD7147228 /* Pods-StudyMockoloTests.release.xcconfig */ = {isa = PBXFileReference; includeInIndex = 1; lastKnownFileType = text.xcconfig; name = "Pods-StudyMockoloTests.release.xcconfig"; path = "Target Support Files/Pods-StudyMockoloTests/Pods-StudyMockoloTests.release.xcconfig"; sourceTree = "<group>"; };
		B3C346351847B7A17D5F5CBF /* Pods-StudyMockolo.debug.xcconfig */ = {isa = PBXFileReference; includeInIndex = 1; lastKnownFileType = text.xcconfig; name = "Pods-StudyMockolo.debug.xcconfig"; path = "Target Support Files/Pods-StudyMockolo/Pods-StudyMockolo.debug.xcconfig"; sourceTree = "<group>"; };
/* End PBXFileReference section */

/* Begin PBXFrameworksBuildPhase section */
		19C231B5244D35FC00758996 /* Frameworks */ = {
			isa = PBXFrameworksBuildPhase;
			buildActionMask = 2147483647;
			files = (
				D9DF4E4FE30A1535073481AC /* Pods_StudyMockolo.framework in Frameworks */,
			);
			runOnlyForDeploymentPostprocessing = 0;
		};
		19C231D0244D37B100758996 /* Frameworks */ = {
			isa = PBXFrameworksBuildPhase;
			buildActionMask = 2147483647;
			files = (
				EBBEB435060417C693FFE069 /* Pods_StudyMockoloTests.framework in Frameworks */,
			);
			runOnlyForDeploymentPostprocessing = 0;
		};
/* End PBXFrameworksBuildPhase section */

/* Begin PBXGroup section */
		19C231AF244D35FC00758996 = {
			isa = PBXGroup;
			children = (
				19C231BA244D35FC00758996 /* StudyMockolo */,
				19C231D4244D37B100758996 /* StudyMockoloTests */,
				19C231B9244D35FC00758996 /* Products */,
				1BD4F3CF6C966D18FA39A3C4 /* Pods */,
				EE3AAC8CF6CB84D3B908302C /* Frameworks */,
			);
			sourceTree = "<group>";
		};
		19C231B9244D35FC00758996 /* Products */ = {
			isa = PBXGroup;
			children = (
				19C231B8244D35FC00758996 /* StudyMockolo.app */,
				19C231D3244D37B100758996 /* StudyMockoloTests.xctest */,
			);
			name = Products;
			sourceTree = "<group>";
		};
		19C231BA244D35FC00758996 /* StudyMockolo */ = {
			isa = PBXGroup;
			children = (
				19C231E9244D415B00758996 /* Application */,
				19C231EB244D417200758996 /* Domain */,
				19C231EA244D416500758996 /* Infrastructure */,
				19C231C1244D35FC00758996 /* Main.storyboard */,
				19C231C4244D35FE00758996 /* Assets.xcassets */,
				19C231C6244D35FE00758996 /* LaunchScreen.storyboard */,
				19C231C9244D35FE00758996 /* Info.plist */,
			);
			path = StudyMockolo;
			sourceTree = "<group>";
		};
		19C231D4244D37B100758996 /* StudyMockoloTests */ = {
			isa = PBXGroup;
			children = (
				19C231DF244D393F00758996 /* OutputMocks.swift */,
				19C231D5244D37B100758996 /* StudyMockoloTests.swift */,
				19C231D7244D37B100758996 /* Info.plist */,
			);
			path = StudyMockoloTests;
			sourceTree = "<group>";
		};
		19C231E9244D415B00758996 /* Application */ = {
			isa = PBXGroup;
			children = (
				19C231BB244D35FC00758996 /* AppDelegate.swift */,
				19C231BD244D35FC00758996 /* SceneDelegate.swift */,
				19C231BF244D35FC00758996 /* ViewController.swift */,
				19C18C5E244D93D6002160AF /* UsersUseCase.swift */,
				19C18C60244D943C002160AF /* ViewModel.swift */,
			);
			path = Application;
			sourceTree = "<group>";
		};
		19C231EA244D416500758996 /* Infrastructure */ = {
			isa = PBXGroup;
			children = (
				19C231E5244D3B9300758996 /* UserRepository.swift */,
			);
			path = Infrastructure;
			sourceTree = "<group>";
		};
		19C231EB244D417200758996 /* Domain */ = {
			isa = PBXGroup;
			children = (
				19C231E7244D3BAE00758996 /* User.swift */,
			);
			path = Domain;
			sourceTree = "<group>";
		};
		1BD4F3CF6C966D18FA39A3C4 /* Pods */ = {
			isa = PBXGroup;
			children = (
				B3C346351847B7A17D5F5CBF /* Pods-StudyMockolo.debug.xcconfig */,
				66B254C7F64F48292E4B0DCB /* Pods-StudyMockolo.release.xcconfig */,
				66DF8BF3D737F2274AE81CB8 /* Pods-StudyMockoloTests.debug.xcconfig */,
				A92C6E120D212B0DD7147228 /* Pods-StudyMockoloTests.release.xcconfig */,
			);
			path = Pods;
			sourceTree = "<group>";
		};
		EE3AAC8CF6CB84D3B908302C /* Frameworks */ = {
			isa = PBXGroup;
			children = (
				4095F291D80CD197712EA5B4 /* Pods_StudyMockolo.framework */,
				0D0B61EE04AA716085247280 /* Pods_StudyMockoloTests.framework */,
			);
			name = Frameworks;
			sourceTree = "<group>";
		};
/* End PBXGroup section */

/* Begin PBXNativeTarget section */
		19C231B7244D35FC00758996 /* StudyMockolo */ = {
			isa = PBXNativeTarget;
			buildConfigurationList = 19C231CC244D35FE00758996 /* Build configuration list for PBXNativeTarget "StudyMockolo" */;
			buildPhases = (
				60F4240F2C94E7A6BB2D42E9 /* [CP] Check Pods Manifest.lock */,
				19C231B4244D35FC00758996 /* Sources */,
				19C231B5244D35FC00758996 /* Frameworks */,
				19C231B6244D35FC00758996 /* Resources */,
				77C33AF87DC57C110587EC0F /* [CP] Embed Pods Frameworks */,
			);
			buildRules = (
			);
			dependencies = (
			);
			name = StudyMockolo;
			productName = StudyMockolo;
			productReference = 19C231B8244D35FC00758996 /* StudyMockolo.app */;
			productType = "com.apple.product-type.application";
		};
		19C231D2244D37B100758996 /* StudyMockoloTests */ = {
			isa = PBXNativeTarget;
			buildConfigurationList = 19C231DC244D37B100758996 /* Build configuration list for PBXNativeTarget "StudyMockoloTests" */;
			buildPhases = (
				A645561D65FEC8FD24567D8D /* [CP] Check Pods Manifest.lock */,
				19C231CF244D37B100758996 /* Sources */,
				19C231D0244D37B100758996 /* Frameworks */,
				19C231D1244D37B100758996 /* Resources */,
				F205865BE4C4A8FA8F510655 /* [CP] Embed Pods Frameworks */,
			);
			buildRules = (
			);
			dependencies = (
				19C231D9244D37B100758996 /* PBXTargetDependency */,
			);
			name = StudyMockoloTests;
			productName = StudyMockoloTests;
			productReference = 19C231D3244D37B100758996 /* StudyMockoloTests.xctest */;
			productType = "com.apple.product-type.bundle.unit-test";
		};
/* End PBXNativeTarget section */

/* Begin PBXProject section */
		19C231B0244D35FC00758996 /* Project object */ = {
			isa = PBXProject;
			attributes = {
				LastSwiftUpdateCheck = 1120;
				LastUpgradeCheck = 1120;
				ORGANIZATIONNAME = "takayuki sei";
				TargetAttributes = {
					19C231B7244D35FC00758996 = {
						CreatedOnToolsVersion = 11.2.1;
					};
					19C231D2244D37B100758996 = {
						CreatedOnToolsVersion = 11.2.1;
						TestTargetID = 19C231B7244D35FC00758996;
					};
				};
			};
			buildConfigurationList = 19C231B3244D35FC00758996 /* Build configuration list for PBXProject "StudyMockolo" */;
			compatibilityVersion = "Xcode 9.3";
			developmentRegion = en;
			hasScannedForEncodings = 0;
			knownRegions = (
				en,
				Base,
			);
			mainGroup = 19C231AF244D35FC00758996;
			productRefGroup = 19C231B9244D35FC00758996 /* Products */;
			projectDirPath = "";
			projectRoot = "";
			targets = (
				19C231B7244D35FC00758996 /* StudyMockolo */,
				19C231D2244D37B100758996 /* StudyMockoloTests */,
			);
		};
/* End PBXProject section */

/* Begin PBXResourcesBuildPhase section */
		19C231B6244D35FC00758996 /* Resources */ = {
			isa = PBXResourcesBuildPhase;
			buildActionMask = 2147483647;
			files = (
				19C231C8244D35FE00758996 /* LaunchScreen.storyboard in Resources */,
				19C231C5244D35FE00758996 /* Assets.xcassets in Resources */,
				19C231C3244D35FC00758996 /* Main.storyboard in Resources */,
			);
			runOnlyForDeploymentPostprocessing = 0;
		};
		19C231D1244D37B100758996 /* Resources */ = {
			isa = PBXResourcesBuildPhase;
			buildActionMask = 2147483647;
			files = (
			);
			runOnlyForDeploymentPostprocessing = 0;
		};
/* End PBXResourcesBuildPhase section */

/* Begin PBXShellScriptBuildPhase section */
		60F4240F2C94E7A6BB2D42E9 /* [CP] Check Pods Manifest.lock */ = {
			isa = PBXShellScriptBuildPhase;
			buildActionMask = 2147483647;
			files = (
			);
			inputFileListPaths = (
			);
			inputPaths = (
				"${PODS_PODFILE_DIR_PATH}/Podfile.lock",
				"${PODS_ROOT}/Manifest.lock",
			);
			name = "[CP] Check Pods Manifest.lock";
			outputFileListPaths = (
			);
			outputPaths = (
				"$(DERIVED_FILE_DIR)/Pods-StudyMockolo-checkManifestLockResult.txt",
			);
			runOnlyForDeploymentPostprocessing = 0;
			shellPath = /bin/sh;
			shellScript = "diff \"${PODS_PODFILE_DIR_PATH}/Podfile.lock\" \"${PODS_ROOT}/Manifest.lock\" > /dev/null\nif [ $? != 0 ] ; then\n    # print error to STDERR\n    echo \"error: The sandbox is not in sync with the Podfile.lock. Run 'pod install' or update your CocoaPods installation.\" >&2\n    exit 1\nfi\n# This output is used by Xcode 'outputs' to avoid re-running this script phase.\necho \"SUCCESS\" > \"${SCRIPT_OUTPUT_FILE_0}\"\n";
			showEnvVarsInLog = 0;
		};
		77C33AF87DC57C110587EC0F /* [CP] Embed Pods Frameworks */ = {
			isa = PBXShellScriptBuildPhase;
			buildActionMask = 2147483647;
			files = (
			);
			inputFileListPaths = (
				"${PODS_ROOT}/Target Support Files/Pods-StudyMockolo/Pods-StudyMockolo-frameworks-${CONFIGURATION}-input-files.xcfilelist",
			);
			name = "[CP] Embed Pods Frameworks";
			outputFileListPaths = (
				"${PODS_ROOT}/Target Support Files/Pods-StudyMockolo/Pods-StudyMockolo-frameworks-${CONFIGURATION}-output-files.xcfilelist",
			);
			runOnlyForDeploymentPostprocessing = 0;
			shellPath = /bin/sh;
			shellScript = "\"${PODS_ROOT}/Target Support Files/Pods-StudyMockolo/Pods-StudyMockolo-frameworks.sh\"\n";
			showEnvVarsInLog = 0;
		};
		A645561D65FEC8FD24567D8D /* [CP] Check Pods Manifest.lock */ = {
			isa = PBXShellScriptBuildPhase;
			buildActionMask = 2147483647;
			files = (
			);
			inputFileListPaths = (
			);
			inputPaths = (
				"${PODS_PODFILE_DIR_PATH}/Podfile.lock",
				"${PODS_ROOT}/Manifest.lock",
			);
			name = "[CP] Check Pods Manifest.lock";
			outputFileListPaths = (
			);
			outputPaths = (
				"$(DERIVED_FILE_DIR)/Pods-StudyMockoloTests-checkManifestLockResult.txt",
			);
			runOnlyForDeploymentPostprocessing = 0;
			shellPath = /bin/sh;
			shellScript = "diff \"${PODS_PODFILE_DIR_PATH}/Podfile.lock\" \"${PODS_ROOT}/Manifest.lock\" > /dev/null\nif [ $? != 0 ] ; then\n    # print error to STDERR\n    echo \"error: The sandbox is not in sync with the Podfile.lock. Run 'pod install' or update your CocoaPods installation.\" >&2\n    exit 1\nfi\n# This output is used by Xcode 'outputs' to avoid re-running this script phase.\necho \"SUCCESS\" > \"${SCRIPT_OUTPUT_FILE_0}\"\n";
			showEnvVarsInLog = 0;
		};
		F205865BE4C4A8FA8F510655 /* [CP] Embed Pods Frameworks */ = {
			isa = PBXShellScriptBuildPhase;
			buildActionMask = 2147483647;
			files = (
			);
			inputFileListPaths = (
				"${PODS_ROOT}/Target Support Files/Pods-StudyMockoloTests/Pods-StudyMockoloTests-frameworks-${CONFIGURATION}-input-files.xcfilelist",
			);
			name = "[CP] Embed Pods Frameworks";
			outputFileListPaths = (
				"${PODS_ROOT}/Target Support Files/Pods-StudyMockoloTests/Pods-StudyMockoloTests-frameworks-${CONFIGURATION}-output-files.xcfilelist",
			);
			runOnlyForDeploymentPostprocessing = 0;
			shellPath = /bin/sh;
			shellScript = "\"${PODS_ROOT}/Target Support Files/Pods-StudyMockoloTests/Pods-StudyMockoloTests-frameworks.sh\"\n";
			showEnvVarsInLog = 0;
		};
/* End PBXShellScriptBuildPhase section */

/* Begin PBXSourcesBuildPhase section */
		19C231B4244D35FC00758996 /* Sources */ = {
			isa = PBXSourcesBuildPhase;
			buildActionMask = 2147483647;
			files = (
				19C231C0244D35FC00758996 /* ViewController.swift in Sources */,
				19C231E8244D3BAE00758996 /* User.swift in Sources */,
				19C231E6244D3B9300758996 /* UserRepository.swift in Sources */,
				19C231BC244D35FC00758996 /* AppDelegate.swift in Sources */,
				19C18C5F244D93D6002160AF /* UsersUseCase.swift in Sources */,
				19C231BE244D35FC00758996 /* SceneDelegate.swift in Sources */,
				19C18C61244D943C002160AF /* ViewModel.swift in Sources */,
			);
			runOnlyForDeploymentPostprocessing = 0;
		};
		19C231CF244D37B100758996 /* Sources */ = {
			isa = PBXSourcesBuildPhase;
			buildActionMask = 2147483647;
			files = (
				19C231E0244D394000758996 /* OutputMocks.swift in Sources */,
				19C231D6244D37B100758996 /* StudyMockoloTests.swift in Sources */,
			);
			runOnlyForDeploymentPostprocessing = 0;
		};
/* End PBXSourcesBuildPhase section */

/* Begin PBXTargetDependency section */
		19C231D9244D37B100758996 /* PBXTargetDependency */ = {
			isa = PBXTargetDependency;
			target = 19C231B7244D35FC00758996 /* StudyMockolo */;
			targetProxy = 19C231D8244D37B100758996 /* PBXContainerItemProxy */;
		};
/* End PBXTargetDependency section */

/* Begin PBXVariantGroup section */
		19C231C1244D35FC00758996 /* Main.storyboard */ = {
			isa = PBXVariantGroup;
			children = (
				19C231C2244D35FC00758996 /* Base */,
			);
			name = Main.storyboard;
			sourceTree = "<group>";
		};
		19C231C6244D35FE00758996 /* LaunchScreen.storyboard */ = {
			isa = PBXVariantGroup;
			children = (
				19C231C7244D35FE00758996 /* Base */,
			);
			name = LaunchScreen.storyboard;
			sourceTree = "<group>";
		};
/* End PBXVariantGroup section */

/* Begin XCBuildConfiguration section */
		19C231CA244D35FE00758996 /* Debug */ = {
			isa = XCBuildConfiguration;
			buildSettings = {
				ALWAYS_SEARCH_USER_PATHS = NO;
				CLANG_ANALYZER_NONNULL = YES;
				CLANG_ANALYZER_NUMBER_OBJECT_CONVERSION = YES_AGGRESSIVE;
				CLANG_CXX_LANGUAGE_STANDARD = "gnu++14";
				CLANG_CXX_LIBRARY = "libc++";
				CLANG_ENABLE_MODULES = YES;
				CLANG_ENABLE_OBJC_ARC = YES;
				CLANG_ENABLE_OBJC_WEAK = YES;
				CLANG_WARN_BLOCK_CAPTURE_AUTORELEASING = YES;
				CLANG_WARN_BOOL_CONVERSION = YES;
				CLANG_WARN_COMMA = YES;
				CLANG_WARN_CONSTANT_CONVERSION = YES;
				CLANG_WARN_DEPRECATED_OBJC_IMPLEMENTATIONS = YES;
				CLANG_WARN_DIRECT_OBJC_ISA_USAGE = YES_ERROR;
				CLANG_WARN_DOCUMENTATION_COMMENTS = YES;
				CLANG_WARN_EMPTY_BODY = YES;
				CLANG_WARN_ENUM_CONVERSION = YES;
				CLANG_WARN_INFINITE_RECURSION = YES;
				CLANG_WARN_INT_CONVERSION = YES;
				CLANG_WARN_NON_LITERAL_NULL_CONVERSION = YES;
				CLANG_WARN_OBJC_IMPLICIT_RETAIN_SELF = YES;
				CLANG_WARN_OBJC_LITERAL_CONVERSION = YES;
				CLANG_WARN_OBJC_ROOT_CLASS = YES_ERROR;
				CLANG_WARN_RANGE_LOOP_ANALYSIS = YES;
				CLANG_WARN_STRICT_PROTOTYPES = YES;
				CLANG_WARN_SUSPICIOUS_MOVE = YES;
				CLANG_WARN_UNGUARDED_AVAILABILITY = YES_AGGRESSIVE;
				CLANG_WARN_UNREACHABLE_CODE = YES;
				CLANG_WARN__DUPLICATE_METHOD_MATCH = YES;
				COPY_PHASE_STRIP = NO;
				DEBUG_INFORMATION_FORMAT = dwarf;
				ENABLE_STRICT_OBJC_MSGSEND = YES;
				ENABLE_TESTABILITY = YES;
				GCC_C_LANGUAGE_STANDARD = gnu11;
				GCC_DYNAMIC_NO_PIC = NO;
				GCC_NO_COMMON_BLOCKS = YES;
				GCC_OPTIMIZATION_LEVEL = 0;
				GCC_PREPROCESSOR_DEFINITIONS = (
					"DEBUG=1",
					"$(inherited)",
				);
				GCC_WARN_64_TO_32_BIT_CONVERSION = YES;
				GCC_WARN_ABOUT_RETURN_TYPE = YES_ERROR;
				GCC_WARN_UNDECLARED_SELECTOR = YES;
				GCC_WARN_UNINITIALIZED_AUTOS = YES_AGGRESSIVE;
				GCC_WARN_UNUSED_FUNCTION = YES;
				GCC_WARN_UNUSED_VARIABLE = YES;
				IPHONEOS_DEPLOYMENT_TARGET = 13.2;
				MTL_ENABLE_DEBUG_INFO = INCLUDE_SOURCE;
				MTL_FAST_MATH = YES;
				ONLY_ACTIVE_ARCH = YES;
				SDKROOT = iphoneos;
				SWIFT_ACTIVE_COMPILATION_CONDITIONS = DEBUG;
				SWIFT_OPTIMIZATION_LEVEL = "-Onone";
			};
			name = Debug;
		};
		19C231CB244D35FE00758996 /* Release */ = {
			isa = XCBuildConfiguration;
			buildSettings = {
				ALWAYS_SEARCH_USER_PATHS = NO;
				CLANG_ANALYZER_NONNULL = YES;
				CLANG_ANALYZER_NUMBER_OBJECT_CONVERSION = YES_AGGRESSIVE;
				CLANG_CXX_LANGUAGE_STANDARD = "gnu++14";
				CLANG_CXX_LIBRARY = "libc++";
				CLANG_ENABLE_MODULES = YES;
				CLANG_ENABLE_OBJC_ARC = YES;
				CLANG_ENABLE_OBJC_WEAK = YES;
				CLANG_WARN_BLOCK_CAPTURE_AUTORELEASING = YES;
				CLANG_WARN_BOOL_CONVERSION = YES;
				CLANG_WARN_COMMA = YES;
				CLANG_WARN_CONSTANT_CONVERSION = YES;
				CLANG_WARN_DEPRECATED_OBJC_IMPLEMENTATIONS = YES;
				CLANG_WARN_DIRECT_OBJC_ISA_USAGE = YES_ERROR;
				CLANG_WARN_DOCUMENTATION_COMMENTS = YES;
				CLANG_WARN_EMPTY_BODY = YES;
				CLANG_WARN_ENUM_CONVERSION = YES;
				CLANG_WARN_INFINITE_RECURSION = YES;
				CLANG_WARN_INT_CONVERSION = YES;
				CLANG_WARN_NON_LITERAL_NULL_CONVERSION = YES;
				CLANG_WARN_OBJC_IMPLICIT_RETAIN_SELF = YES;
				CLANG_WARN_OBJC_LITERAL_CONVERSION = YES;
				CLANG_WARN_OBJC_ROOT_CLASS = YES_ERROR;
				CLANG_WARN_RANGE_LOOP_ANALYSIS = YES;
				CLANG_WARN_STRICT_PROTOTYPES = YES;
				CLANG_WARN_SUSPICIOUS_MOVE = YES;
				CLANG_WARN_UNGUARDED_AVAILABILITY = YES_AGGRESSIVE;
				CLANG_WARN_UNREACHABLE_CODE = YES;
				CLANG_WARN__DUPLICATE_METHOD_MATCH = YES;
				COPY_PHASE_STRIP = NO;
				DEBUG_INFORMATION_FORMAT = "dwarf-with-dsym";
				ENABLE_NS_ASSERTIONS = NO;
				ENABLE_STRICT_OBJC_MSGSEND = YES;
				GCC_C_LANGUAGE_STANDARD = gnu11;
				GCC_NO_COMMON_BLOCKS = YES;
				GCC_WARN_64_TO_32_BIT_CONVERSION = YES;
				GCC_WARN_ABOUT_RETURN_TYPE = YES_ERROR;
				GCC_WARN_UNDECLARED_SELECTOR = YES;
				GCC_WARN_UNINITIALIZED_AUTOS = YES_AGGRESSIVE;
				GCC_WARN_UNUSED_FUNCTION = YES;
				GCC_WARN_UNUSED_VARIABLE = YES;
				IPHONEOS_DEPLOYMENT_TARGET = 13.2;
				MTL_ENABLE_DEBUG_INFO = NO;
				MTL_FAST_MATH = YES;
				SDKROOT = iphoneos;
				SWIFT_COMPILATION_MODE = wholemodule;
				SWIFT_OPTIMIZATION_LEVEL = "-O";
				VALIDATE_PRODUCT = YES;
			};
			name = Release;
		};
		19C231CD244D35FE00758996 /* Debug */ = {
			isa = XCBuildConfiguration;
			baseConfigurationReference = B3C346351847B7A17D5F5CBF /* Pods-StudyMockolo.debug.xcconfig */;
			buildSettings = {
				ASSETCATALOG_COMPILER_APPICON_NAME = AppIcon;
				CODE_SIGN_STYLE = Automatic;
				DEVELOPMENT_TEAM = YT838T8CB7;
				INFOPLIST_FILE = StudyMockolo/Info.plist;
				IPHONEOS_DEPLOYMENT_TARGET = 13.0;
				LD_RUNPATH_SEARCH_PATHS = (
					"$(inherited)",
					"@executable_path/Frameworks",
				);
				PRODUCT_BUNDLE_IDENTIFIER = net.daybysay.StudyMockolo;
				PRODUCT_NAME = "$(TARGET_NAME)";
				SWIFT_VERSION = 5.0;
				TARGETED_DEVICE_FAMILY = "1,2";
			};
			name = Debug;
		};
		19C231CE244D35FE00758996 /* Release */ = {
			isa = XCBuildConfiguration;
			baseConfigurationReference = 66B254C7F64F48292E4B0DCB /* Pods-StudyMockolo.release.xcconfig */;
			buildSettings = {
				ASSETCATALOG_COMPILER_APPICON_NAME = AppIcon;
				CODE_SIGN_STYLE = Automatic;
				DEVELOPMENT_TEAM = YT838T8CB7;
				INFOPLIST_FILE = StudyMockolo/Info.plist;
				IPHONEOS_DEPLOYMENT_TARGET = 13.0;
				LD_RUNPATH_SEARCH_PATHS = (
					"$(inherited)",
					"@executable_path/Frameworks",
				);
				PRODUCT_BUNDLE_IDENTIFIER = net.daybysay.StudyMockolo;
				PRODUCT_NAME = "$(TARGET_NAME)";
				SWIFT_VERSION = 5.0;
				TARGETED_DEVICE_FAMILY = "1,2";
			};
			name = Release;
		};
		19C231DA244D37B100758996 /* Debug */ = {
			isa = XCBuildConfiguration;
			baseConfigurationReference = 66DF8BF3D737F2274AE81CB8 /* Pods-StudyMockoloTests.debug.xcconfig */;
			buildSettings = {
				BUNDLE_LOADER = "$(TEST_HOST)";
				CODE_SIGN_STYLE = Automatic;
				DEVELOPMENT_TEAM = YT838T8CB7;
				INFOPLIST_FILE = StudyMockoloTests/Info.plist;
				LD_RUNPATH_SEARCH_PATHS = (
					"$(inherited)",
					"@executable_path/Frameworks",
					"@loader_path/Frameworks",
				);
				PRODUCT_BUNDLE_IDENTIFIER = net.daybysay.StudyMockoloTests;
				PRODUCT_NAME = "$(TARGET_NAME)";
				SWIFT_VERSION = 5.0;
				TARGETED_DEVICE_FAMILY = "1,2";
				TEST_HOST = "$(BUILT_PRODUCTS_DIR)/StudyMockolo.app/StudyMockolo";
			};
			name = Debug;
		};
		19C231DB244D37B100758996 /* Release */ = {
			isa = XCBuildConfiguration;
			baseConfigurationReference = A92C6E120D212B0DD7147228 /* Pods-StudyMockoloTests.release.xcconfig */;
			buildSettings = {
				BUNDLE_LOADER = "$(TEST_HOST)";
				CODE_SIGN_STYLE = Automatic;
				DEVELOPMENT_TEAM = YT838T8CB7;
				INFOPLIST_FILE = StudyMockoloTests/Info.plist;
				LD_RUNPATH_SEARCH_PATHS = (
					"$(inherited)",
					"@executable_path/Frameworks",
					"@loader_path/Frameworks",
				);
				PRODUCT_BUNDLE_IDENTIFIER = net.daybysay.StudyMockoloTests;
				PRODUCT_NAME = "$(TARGET_NAME)";
				SWIFT_VERSION = 5.0;
				TARGETED_DEVICE_FAMILY = "1,2";
				TEST_HOST = "$(BUILT_PRODUCTS_DIR)/StudyMockolo.app/StudyMockolo";
			};
			name = Release;
		};
/* End XCBuildConfiguration section */

/* Begin XCConfigurationList section */
		19C231B3244D35FC00758996 /* Build configuration list for PBXProject "StudyMockolo" */ = {
			isa = XCConfigurationList;
			buildConfigurations = (
				19C231CA244D35FE00758996 /* Debug */,
				19C231CB244D35FE00758996 /* Release */,
			);
			defaultConfigurationIsVisible = 0;
			defaultConfigurationName = Release;
		};
		19C231CC244D35FE00758996 /* Build configuration list for PBXNativeTarget "StudyMockolo" */ = {
			isa = XCConfigurationList;
			buildConfigurations = (
				19C231CD244D35FE00758996 /* Debug */,
				19C231CE244D35FE00758996 /* Release */,
			);
			defaultConfigurationIsVisible = 0;
			defaultConfigurationName = Release;
		};
		19C231DC244D37B100758996 /* Build configuration list for PBXNativeTarget "StudyMockoloTests" */ = {
			isa = XCConfigurationList;
			buildConfigurations = (
				19C231DA244D37B100758996 /* Debug */,
				19C231DB244D37B100758996 /* Release */,
			);
			defaultConfigurationIsVisible = 0;
			defaultConfigurationName = Release;
		};
/* End XCConfigurationList section */
	};
	rootObject = 19C231B0244D35FC00758996 /* Project object */;
}
